{
  "version": 4,
  "terraform_version": "1.12.2",
  "serial": 1,
  "lineage": "eea15065-ab2f-85f5-d431-60eccea8949c",
  "outputs": {
    "ecs_service_name": {
      "value": null,
      "type": "string"
    },
    "strapi_url": {
      "value": null,
      "type": "string"
    },
    "task_definition_arn": {
      "value": null,
      "type": "string"
    }
  },
  "resources": [
    {
      "mode": "managed",
      "type": "aws_ecs_cluster",
      "name": "rohana_strapi_cluster",
      "provider": "provider[\"registry.terraform.io/hashicorp/aws\"]",
      "instances": [
        {
          "schema_version": 0,
          "attributes": {
            "arn": "arn:aws:ecs:us-east-2:607700977843:cluster/rohana-strapi-cluster",
            "configuration": [],
            "id": "arn:aws:ecs:us-east-2:607700977843:cluster/rohana-strapi-cluster",
            "name": "rohana-strapi-cluster",
            "region": "us-east-2",
            "service_connect_defaults": [],
            "setting": [
              {
                "name": "containerInsights",
                "value": "disabled"
              }
            ],
            "tags": {},
            "tags_all": {}
          },
          "sensitive_attributes": [],
          "identity_schema_version": 0,
          "private": "eyJzY2hlbWFfdmVyc2lvbiI6IjAifQ=="
        }
      ]
    }
  ],
  "check_results": null
}
